{
  "requires": true,
  "lockfileVersion": 1,
  "dependencies": {
    "@chakra-ui/icon": {
      "version": "2.0.5",
      "resolved": "https://registry.npmmirror.com/@chakra-ui/icon/-/icon-2.0.5.tgz",
      "integrity": "sha512-ZrqRvCCIxGr4qFd/r1pmtd9tobRmv8KAxV7ygFoc/t4vOSKTcVIjhE12gsI3FzgvXM15ZFVwsxa1zodwgo5neQ==",
      "requires": {
        "@chakra-ui/utils": "1.10.4"
      }
    },
    "@chakra-ui/icons": {
      "version": "1.1.7",
      "resolved": "https://registry.npmmirror.com/@chakra-ui/icons/-/icons-1.1.7.tgz",
      "integrity": "sha512-YIHxey/B4M2PyFASlHXtAWFyW+tsAtGAChOJ8dsM2kpu1MbVUqm/6nMI1KIFd7Te5IWuNYA75rAHBdLI0Yu61A==",
      "requires": {
        "@chakra-ui/icon": "2.0.5",
        "@types/react": "^17.0.15"
      }
    },
    "@chakra-ui/utils": {
      "version": "1.10.4",
      "resolved": "https://registry.npmmirror.com/@chakra-ui/utils/-/utils-1.10.4.tgz",
      "integrity": "sha512-AM91VQQxw8F4F1WDA28mqKY6NFIOuzc2Ekkna88imy2OiqqmYH0xkq8J16L2qj4cLiLozpYqba3C79pWioy6FA==",
      "requires": {
        "@types/lodash.mergewith": "4.6.6",
        "css-box-model": "1.2.1",
        "framesync": "5.3.0",
        "lodash.mergewith": "4.6.2"
      }
    },
    "@types/lodash": {
      "version": "4.14.180",
      "resolved": "https://registry.npmmirror.com/@types/lodash/-/lodash-4.14.180.tgz",
      "integrity": "sha512-XOKXa1KIxtNXgASAnwj7cnttJxS4fksBRywK/9LzRV5YxrF80BXZIGeQSuoESQ/VkUj30Ae0+YcuHc15wJCB2g=="
    },
    "@types/lodash.mergewith": {
      "version": "4.6.6",
      "resolved": "https://registry.npmmirror.com/@types/lodash.mergewith/-/lodash.mergewith-4.6.6.tgz",
      "integrity": "sha512-RY/8IaVENjG19rxTZu9Nukqh0W2UrYgmBj5sdns4hWRZaV8PqR7wIKHFKzvOTjo4zVRV7sVI+yFhAJql12Kfqg==",
      "requires": {
        "@types/lodash": "*"
      }
    },
    "@types/prop-types": {
      "version": "15.7.4",
      "resolved": "https://registry.npmmirror.com/@types/prop-types/-/prop-types-15.7.4.tgz",
      "integrity": "sha512-rZ5drC/jWjrArrS8BR6SIr4cWpW09RNTYt9AMZo3Jwwif+iacXAqgVjm0B0Bv/S1jhDXKHqRVNCbACkJ89RAnQ=="
    },
    "@types/react": {
      "version": "17.0.41",
      "resolved": "https://registry.npmmirror.com/@types/react/-/react-17.0.41.tgz",
      "integrity": "sha512-chYZ9ogWUodyC7VUTRBfblysKLjnohhFY9bGLwvnUFFy48+vB9DikmB3lW0qTFmBcKSzmdglcvkHK71IioOlDA==",
      "requires": {
        "@types/prop-types": "*",
        "@types/scheduler": "*",
        "csstype": "^3.0.2"
      }
    },
    "@types/scheduler": {
      "version": "0.16.2",
      "resolved": "https://registry.npmmirror.com/@types/scheduler/-/scheduler-0.16.2.tgz",
      "integrity": "sha512-hppQEBDmlwhFAXKJX2KnWLYu5yMfi91yazPb2l+lbJiwW+wdo1gNeRA+3RgNSO39WYX2euey41KEwnqesU2Jew=="
    },
    "css-box-model": {
      "version": "1.2.1",
      "resolved": "https://registry.npmmirror.com/css-box-model/-/css-box-model-1.2.1.tgz",
      "integrity": "sha512-a7Vr4Q/kd/aw96bnJG332W9V9LkJO69JRcaCYDUqjp6/z0w6VcZjgAcTbgFxEPfBgdnAwlh3iwu+hLopa+flJw==",
      "requires": {
        "tiny-invariant": "^1.0.6"
      }
    },
    "csstype": {
      "version": "3.0.11",
      "resolved": "https://registry.npmmirror.com/csstype/-/csstype-3.0.11.tgz",
      "integrity": "sha512-sa6P2wJ+CAbgyy4KFssIb/JNMLxFvKF1pCYCSXS8ZMuqZnMsrxqI2E5sPyoTpxoPU/gVZMzr2zjOfg8GIZOMsw=="
    },
    "framesync": {
      "version": "5.3.0",
      "resolved": "https://registry.npmmirror.com/framesync/-/framesync-5.3.0.tgz",
      "integrity": "sha512-oc5m68HDO/tuK2blj7ZcdEBRx3p1PjrgHazL8GYEpvULhrtGIFbQArN6cQS2QhW8mitffaB+VYzMjDqBxxQeoA==",
      "requires": {
        "tslib": "^2.1.0"
      }
    },
    "lodash.mergewith": {
      "version": "4.6.2",
      "resolved": "https://registry.npmmirror.com/lodash.mergewith/-/lodash.mergewith-4.6.2.tgz",
      "integrity": "sha512-GK3g5RPZWTRSeLSpgP8Xhra+pnjBC56q9FZYe1d5RN3TJ35dbkGy3YqBSMbyCrlbi+CM9Z3Jk5yTL7RCsqboyQ=="
    },
    "tiny-invariant": {
      "version": "1.2.0",
      "resolved": "https://registry.npmmirror.com/tiny-invariant/-/tiny-invariant-1.2.0.tgz",
      "integrity": "sha512-1Uhn/aqw5C6RI4KejVeTg6mIS7IqxnLJ8Mv2tV5rTc0qWobay7pDUz6Wi392Cnc8ak1H0F2cjoRzb2/AW4+Fvg=="
    },
    "tslib": {
      "version": "2.3.1",
      "resolved": "https://registry.npmmirror.com/tslib/-/tslib-2.3.1.tgz",
      "integrity": "sha512-77EbyPPpMz+FRFRuAFlWMtmgUWGe9UOG2Z25NqCwiIjRhOf5iKGuzSe5P2w1laq+FkRy4p+PCuVkJSGkzTEKVw=="
    }
  }
}
